connectrpc.com/connect v1.20.0 h1:6TNDAB+WeNd2uolWNlYczB5E0KNNaVMNUEx8JEUsPmQ=
connectrpc.com/connect v1.20.0/go.mod h1:A2ygJrukXwWy32vkCAAHNVguZrqZ+jeZ9rGRnGR4dN4=
github.com/aws/aws-sdk-go-v2 v1.41.12 h1:DIKX2c31ekm9RA2D9FBj1EWXx++9AdAqRw+e78Tq2Ck=
github.com/aws/aws-sdk-go-v2 v1.41.12/go.mod h1:27+ACypSLljLAEKsCYOmrjKh83vuTRkuAe9Uv/3A4bg=
github.com/aws/aws-sdk-go-v2/aws/protocol/eventstream v1.7.13 h1:p1BBrg/Hhp6uK7zpejeI8QFXHJeC/mynzi04Sl03k9g=
github.com/aws/aws-sdk-go-v2/aws/protocol/eventstream v1.7.13/go.mod h1:8cIfkE9MDhkRZGpQ22aV6/lkYeYSozpz16Smrs5x4Ls=
github.com/aws/aws-sdk-go-v2/config v1.32.23 h1:PYDobtcsJXK6bQe9I8RQk6s19Bz3xa3xRU08Hy1Em3Y=
github.com/aws/aws-sdk-go-v2/config v1.32.23/go.mod h1:QID4dqUQVgEOYPKsPWd1sNWCCR2c5g7o3jeEtIXPOZU=
github.com/aws/aws-sdk-go-v2/credentials v1.19.22 h1:SHfH6wyPsEgG7fVsi5rQxWEt7tuIcN2PGhb1mTFv6tE=
github.com/aws/aws-sdk-go-v2/credentials v1.19.22/go.mod h1:54nO8lKD4aQPOntM/VTWjnR+DYzTwx0YkSMZMhAgewQ=
github.com/aws/aws-sdk-go-v2/feature/ec2/imds v1.18.28 h1:b+kcDejJrXc30zU/w8Tc9klISwaO5wh+6T0sMBdDoHM=
github.com/aws/aws-sdk-go-v2/feature/ec2/imds v1.18.28/go.mod h1:LnI62O9GnSv6GcuLXxOYqlq0C8EmxMcgnF6m7LdYuOY=
github.com/aws/aws-sdk-go-v2/internal/configsources v1.4.28 h1:Xf2j7NdVcUKomlZ4iihOP4AZ3Fzlr8h4yKpXeP+OFPg=
github.com/aws/aws-sdk-go-v2/internal/configsources v1.4.28/go.mod h1:O8cDo1dW63jU7ki//kRe1z+tLGcpnD1jrouitsQddDw=
github.com/aws/aws-sdk-go-v2/internal/endpoints/v2 v2.7.28 h1:KqIfN9kpkKkcBqBbNpNGTIrXO6ExTUvFKvXkC+YAzVo=
github.com/aws/aws-sdk-go-v2/internal/endpoints/v2 v2.7.28/go.mod h1:uxtQiKvLtNS4iXVsH2McVD/ls8FKN/uUhe1hGxPjrw0=
github.com/aws/aws-sdk-go-v2/internal/v4a v1.4.29 h1:VkE9FuzTQVjBBrnj4+oCdxCLFIz7aqLYKUCjtvxVcOs=
github.com/aws/aws-sdk-go-v2/internal/v4a v1.4.29/go.mod h1:H32Z2Qth9b+9LqjyBsCnozMQ8H2N7YBUDVXwbs0iggg=
github.com/aws/aws-sdk-go-v2/service/apigateway v1.40.5 h1:Wu0xyJoQ+ohGOdg9AgC8loGxUQVIp8uWP7NiNukanwk=
github.com/aws/aws-sdk-go-v2/service/apigateway v1.40.5/go.mod h1:oTLb6AzmfFuu6w0Ju4DZQWfJYGcnGykqKQs0FxuGojA=
github.com/aws/aws-sdk-go-v2/service/apigatewayv2 v1.35.5 h1:V++M+jksBqWbQAqgXz1qUxllJ2ascUiTFxodXmC3+Js=
github.com/aws/aws-sdk-go-v2/service/apigatewayv2 v1.35.5/go.mod h1:198XfedFZvclpFwW+UK7OE38WPRTY9Yj5dlM/3RC5Jc=
github.com/aws/aws-sdk-go-v2/service/apprunner v1.40.5 h1:F9+qleYIBE+8vTDc7ziud/VDz/lwnOylAneeEwa6758=
github.com/aws/aws-sdk-go-v2/service/apprunner v1.40.5/go.mod h1:7lvd8HgCk8mPW3LkZTpuc1r5xux1ZWi7cQ5wmORIdCA=
github.com/aws/aws-sdk-go-v2/service/athena v1.58.3 h1:vjEUIly6U1SrRUajgNsF/Pv9ZRsf12S0gzMjbPzQZxc=
github.com/aws/aws-sdk-go-v2/service/athena v1.58.3/go.mod h1:SfNoP5HUXFw60kcWKmm7V0CoF9OZdhmhwfkesm1+A+g=
github.com/aws/aws-sdk-go-v2/service/backup v1.57.5 h1:ohRgK/UYcre3jF4pxxIrslY9kUuuzpz2zTzs3RNu2Ms=
github.com/aws/aws-sdk-go-v2/service/backup v1.57.5/go.mod h1:buhCYnahTK+Q2AKqU21CsvhlB1iTb79M+L82ASQk+d0=
github.com/aws/aws-sdk-go-v2/service/bedrockruntime v1.53.4 h1:gNpZEJpHw/ANDvgAk2Z9yaiLmuFWfDnjZmzXZBMfhaw=
github.com/aws/aws-sdk-go-v2/service/bedrockruntime v1.53.4/go.mod h1:fNEfSXojRCcvbtl0KYGJrkHS17eHaHvSgZqNNVOxZQU=
github.com/aws/aws-sdk-go-v2/service/cloudfront v1.65.1 h1:UXPRXa3HLrJolDM098DfXgLJrbB086+Zip3M+4Dy1WI=
github.com/aws/aws-sdk-go-v2/service/cloudfront v1.65.1/go.mod h1:Uu2kNhTTM1ZrJcIL3FDLlzaHwOZUugiMmL8K8ibBbvo=
github.com/aws/aws-sdk-go-v2/service/cloudtrail v1.56.3 h1:iqqLURTPGkD3xbdRAM8ZW9+PhA+2J2t1ZtomGaJCaU8=
github.com/aws/aws-sdk-go-v2/service/cloudtrail v1.56.3/go.mod h1:6IFZ3ceNZcMB7NZsYpp7HSKJp4nceLFvnY0/XyVPt24=
github.com/aws/aws-sdk-go-v2/service/cloudwatch v1.58.2 h1:qC858ET7YY9rkTQlaglbdiwffgaZ/9exYFSvWa1jUow=
github.com/aws/aws-sdk-go-v2/service/cloudwatch v1.58.2/go.mod h1:3NeVwiq2eH6LfG2p6Hm7fbmMbRoiM1eVkGkAfrF02h8=
github.com/aws/aws-sdk-go-v2/service/cloudwatchlogs v1.75.1 h1:w9XU3EHC+DoSZBbSPxmypypvvERfdqZqpCMr/TCnv7g=
github.com/aws/aws-sdk-go-v2/service/cloudwatchlogs v1.75.1/go.mod h1:7Ed2JPG6UiO7eH0LUXwgcD9WDRdO8DcAqWsm2/ZF0y8=
github.com/aws/aws-sdk-go-v2/service/datasync v1.59.5 h1:5fcF+s5hXULXEYPAnuVCmL9woUXTh1lhK9p2FxSF9ds=
github.com/aws/aws-sdk-go-v2/service/datasync v1.59.5/go.mod h1:B47PnG4zNN3pII2NkE9aNxALa9ODZPN+L4lEysYALQ0=
github.com/aws/aws-sdk-go-v2/service/ec2 v1.305.2 h1:xcHUdx4FNgUZmLuI6vqB5QDsVnWx1MVbPSoaXtLxUB8=
github.com/aws/aws-sdk-go-v2/service/ec2 v1.305.2/go.mod h1:SUtka5kgdr5Wx2BdRrH/IGkCKHW63IVQoyBkP0P1gdo=
github.com/aws/aws-sdk-go-v2/service/ecr v1.58.2 h1:sSfN1WfNyYjV0CQC8moHP4uxgNXSUxDT0X2vXbcJSbc=
github.com/aws/aws-sdk-go-v2/service/ecr v1.58.2/go.mod h1:CJsIIgsVqF1YRtS436i4RKrNFlo2LtQ7gORkdhKaj3k=
github.com/aws/aws-sdk-go-v2/service/ecs v1.82.3 h1:0h+khLoWaCU9JE6ZeQrQ9xZS+EnrjISQlnt/xtxEL/I=
github.com/aws/aws-sdk-go-v2/service/ecs v1.82.3/go.mod h1:st/PIQyL6fJSoYTxijbYIKZjPpPP2JiUdcUf++xX0Kk=
github.com/aws/aws-sdk-go-v2/service/eks v1.84.5 h1:erqzVPMSmQkBWSovla49E0svTFhyLPRGljZy4hMisIo=
github.com/aws/aws-sdk-go-v2/service/eks v1.84.5/go.mod h1:UB1zkSdu6MppVpPr0PZc4uNEhQJvaq/icAN+gtUOVo8=
github.com/aws/aws-sdk-go-v2/service/elasticloadbalancingv2 v1.55.3 h1:4L++HaxpcF6Hch8tDnYftT607fkKWVuneL4wgCM+Vdk=
github.com/aws/aws-sdk-go-v2/service/elasticloadbalancingv2 v1.55.3/go.mod h1:jDJ3tH8kX7jFEyJew+tB56SJuatSkpA7iPVn9O80rVQ=
github.com/aws/aws-sdk-go-v2/service/eventbridge v1.46.5 h1:ci0yjYG0tlUAZSoAkxzP6odE+qVGinxiCgsV5PwLTIc=
github.com/aws/aws-sdk-go-v2/service/eventbridge v1.46.5/go.mod h1:h5XgVPfbtE0VJdJlBYYC/5rpfzpaZZbH+HGpWbx0SAM=
github.com/aws/aws-sdk-go-v2/service/firehose v1.43.1 h1:f0AbdvgFEbOYRyN40g3bPtIYAUQ2g8WehY3dZs6JBSg=
github.com/aws/aws-sdk-go-v2/service/firehose v1.43.1/go.mod h1:qqoVY9wPMXeJhWDLI+dfPGimSKm/rMCp+kvNDgFqN4c=
github.com/aws/aws-sdk-go-v2/service/glue v1.143.0 h1:WTpCCcVOJeZQ5QcmluWPZ9Zex04ATDra1DP9WlsmepI=
github.com/aws/aws-sdk-go-v2/service/glue v1.143.0/go.mod h1:iq44pC+BGkrWZJ7QKhm+5LFYpGwNDvHYh5zBwihN9Yo=
github.com/aws/aws-sdk-go-v2/service/iam v1.54.3 h1:ur8hMC1VjTXvvTfE9LEbtmuvfgjOW7mhPHE65Hmk5zc=
github.com/aws/aws-sdk-go-v2/service/iam v1.54.3/go.mod h1:BislBOlmxEfyqv4S86lyEf9yl3FlxlgX8sBHBBqQPOo=
github.com/aws/aws-sdk-go-v2/service/identitystore v1.37.5 h1:mCHQeSJ7N6iAgzUiJ6afkX3Bba1h6IaBgQfN6DnxVYQ=
github.com/aws/aws-sdk-go-v2/service/identitystore v1.37.5/go.mod h1:mnhkvO9LZ6uT0s4rh/HvLmlYnL4y4RK3e7qQlqA+2lU=
github.com/aws/aws-sdk-go-v2/service/internal/accept-encoding v1.13.12 h1:ZD2+BSw9vFsNlKYIasSNt3uDbjqqXIBcM13UJv/Lx2k=
github.com/aws/aws-sdk-go-v2/service/internal/accept-encoding v1.13.12/go.mod h1:Ms4zlcVBbXbiP7EVLhl+lgjvA/a7YphqQ3Ih3174EmI=
github.com/aws/aws-sdk-go-v2/service/internal/checksum v1.9.21 h1:FsZxbPiVgEHYofziwfylouMki8b1Z7mI4CMU/7bhwBA=
github.com/aws/aws-sdk-go-v2/service/internal/checksum v1.9.21/go.mod h1:Mmm30OV+JLXYQUcbSd84THnv3P5JtjhVDujLwMqRG0U=
github.com/aws/aws-sdk-go-v2/service/internal/presigned-url v1.13.28 h1:axj4mEDletwKmTm/9jR+DkIMmCfcn5vE4jBMAAN+3Vg=
github.com/aws/aws-sdk-go-v2/service/internal/presigned-url v1.13.28/go.mod h1:3Aaz69M0jqfSHLKqxgolgUBFT4hpwSNc7DzC95orEi8=
github.com/aws/aws-sdk-go-v2/service/internal/s3shared v1.19.28 h1:li8rTZAAb22g4UsxbjwMdaNVWbgVcDzPqI7nDTI+mF4=
github.com/aws/aws-sdk-go-v2/service/internal/s3shared v1.19.28/go.mod h1:/brXioSGIMEdcBFoubpSdmighSVp6poP+mma/wB7iHA=
github.com/aws/aws-sdk-go-v2/service/kafka v1.52.5 h1:VqhkfZJirBQ+oDre0LrX99PNtezadgcy0gpY7R76uLo=
github.com/aws/aws-sdk-go-v2/service/kafka v1.52.5/go.mod h1:D/VOYsum3JpyWFl9ovLggTXsbn4jkmLzsP0zpOOKrfA=
github.com/aws/aws-sdk-go-v2/service/kinesis v1.44.1 h1:D50DPuAQXATUoYHaa/cJzQSSKON/wrKS0cyfUUCYrNc=
github.com/aws/aws-sdk-go-v2/service/kinesis v1.44.1/go.mod h1:OvvtyFyZbW1jtMepIAz98aJ7QGzACDpfxR/77NZTIB8=
github.com/aws/aws-sdk-go-v2/service/kms v1.53.2 h1:MWZ4SxCMum1Ri0LU68jnhJGMmjt4Q50RD37BS7XKMY4=
github.com/aws/aws-sdk-go-v2/service/kms v1.53.2/go.mod h1:ZNloshpT3zBMbDUwsbbwYP46ADvoJU9/9WGX1WYegwg=
github.com/aws/aws-sdk-go-v2/service/lakeformation v1.48.2 h1:tChZ2YSPj0ZWHz4VbXVz0i7epJS4m9jvRENNmqY2+5o=
github.com/aws/aws-sdk-go-v2/service/lakeformation v1.48.2/go.mod h1:sWx7tW5j8GgL3/CuwkqY2odOK8irgXHrFy7vwnKKwUE=
github.com/aws/aws-sdk-go-v2/service/lambda v1.92.2 h1:MeFQKmFAYIoXH9+oXgaOPeM7pQ5LATWJyJykj9lsHEo=
github.com/aws/aws-sdk-go-v2/service/lambda v1.92.2/go.mod h1:Clrn/3iAEhtDG9HJn1HYp+arjui7NU6jrcx0BEd+bk0=
github.com/aws/aws-sdk-go-v2/service/organizations v1.51.9 h1:/Yw+ioY/jT1fYyde+JHQi9+tC0zYk8IZNohs/3kFrd4=
github.com/aws/aws-sdk-go-v2/service/organizations v1.51.9/go.mod h1:5izq549KJUAudvAwchpU5Gt2ToeNDtJEd4cvE+d/Tx0=
github.com/aws/aws-sdk-go-v2/service/pipes v1.24.5 h1:zVrbhpCtXv5tdrMcD40KlrMIEB1Hqs7tt6Co506kJRc=
github.com/aws/aws-sdk-go-v2/service/pipes v1.24.5/go.mod h1:AwfcKMXt62aZovyv4ZsKQnZMcQLfUE1ftVlMasCCeR8=
github.com/aws/aws-sdk-go-v2/service/rds v1.119.0 h1:LX5FxHNsK+1bop39sDfPeK1PKzMpCZH7504upjmlEvc=
github.com/aws/aws-sdk-go-v2/service/rds v1.119.0/go.mod h1:e65cVtBgKsndwx7fCvgWgss9xRbfhWN6DthRKDeu6dI=
github.com/aws/aws-sdk-go-v2/service/resourcegroupstaggingapi v1.33.2 h1:9/ffU7I/IZpWSy3Ht1cuMCfn9wwk2Ya6CujY4eT623s=
github.com/aws/aws-sdk-go-v2/service/resourcegroupstaggingapi v1.33.2/go.mod h1:8mFAXvJPUSFI+Gklwx5lGEapkVjPeBTqzGeEURZ02fA=
github.com/aws/aws-sdk-go-v2/service/route53 v1.63.2 h1:5PG11zFh4s6n+FjyhCOs00K/yo4sLtemdYGjT2hccc8=
github.com/aws/aws-sdk-go-v2/service/route53 v1.63.2/go.mod h1:pUzWuR5MLjU1xlMmCT0qUALPqBFFxf/zdHAmusQlVuM=
github.com/aws/aws-sdk-go-v2/service/s3 v1.103.2 h1:b4ikkRk22T4xYkEgaWc3Voe+3xbt5YbbFhNehOWyUiY=
github.com/aws/aws-sdk-go-v2/service/s3 v1.103.2/go.mod h1:Gp7eHZ0NZ8ZK5RXpoIUp/C8OeAmJqpCgdwEK1D/QOek=
github.com/aws/aws-sdk-go-v2/service/s3control v1.71.4 h1:Or+7J1Kr4sNlGT/5Uh3VvtIFrwoABZ3NMWXNL61mfzo=
github.com/aws/aws-sdk-go-v2/service/s3control v1.71.4/go.mod h1:hpR7KgZJuRoBndHkhYXZmPNjsvuanVWC4G1tMVNXBIc=
github.com/aws/aws-sdk-go-v2/service/scheduler v1.18.5 h1:lKGt/dMVNdPRoMPT2zTiWnOZS2arZxxNzqUvl+J8eao=
github.com/aws/aws-sdk-go-v2/service/scheduler v1.18.5/go.mod h1:YjcAUo+VhdCsp9Q0AV/3EObtEdALb789sdTw+8ELrDc=
github.com/aws/aws-sdk-go-v2/service/secretsmanager v1.42.1 h1:AH4hyaVe/2+p7zx/GkmjQLXOfVTul6EFMTRy8QVl71Q=
github.com/aws/aws-sdk-go-v2/service/secretsmanager v1.42.1/go.mod h1:BXtBSoY9TdCQwc46RZtaxNb+kKfcCbHOvk4h8drQUqM=
github.com/aws/aws-sdk-go-v2/service/sfn v1.42.2 h1:fh1FvGJdVUlyT5aW2u5jIiWrasnkifz/u5exigKi4ew=
github.com/aws/aws-sdk-go-v2/service/sfn v1.42.2/go.mod h1:3ZyiH89Ot63cpYyK48FXNxJvGpRtt2i8DG9Q3E+YWqM=
github.com/aws/aws-sdk-go-v2/service/signin v1.1.4 h1:YcpVyIPLCbiypN6KSphijN5fC7DDjX114SqA7prnnxg=
github.com/aws/aws-sdk-go-v2/service/signin v1.1.4/go.mod h1:5ZICS++oFTRPfa1GsBqFDWX/8WamZ/QQOcCzIuU/zLw=
github.com/aws/aws-sdk-go-v2/service/sns v1.39.21 h1:NHgp1Sb9EmySqIo3EGAauxERpN7DUoB8wRZQ5hS/Qwo=
github.com/aws/aws-sdk-go-v2/service/sns v1.39.21/go.mod h1:LnzOoYnr2aP0VzebvWR7jELCAYIIlJRzoXNL7FafLSo=
github.com/aws/aws-sdk-go-v2/service/sqs v1.43.1 h1:Z05+QWRVKCO/crohZTQko1HO8mhqUSw1JDkGm2+qTEo=
github.com/aws/aws-sdk-go-v2/service/sqs v1.43.1/go.mod h1:VHgGyjKubR4MM4ZMhCL/aPg+578iqCZjtQraHL2nhKU=
github.com/aws/aws-sdk-go-v2/service/ssm v1.69.2 h1:1tt+wXv6kWIgHdFd4ehWtBdURIMVYl68ipwljOsR3k4=
github.com/aws/aws-sdk-go-v2/service/ssm v1.69.2/go.mod h1:pDKjBx7WU2Ywh+6vfGjzOPuTJDLgDUpYS/iBWYLUyqc=
github.com/aws/aws-sdk-go-v2/service/sso v1.31.2 h1:ySNWu7TPmj5fKFIa1GYvX+Ddxd5ccruqC20aMNuyWDM=
github.com/aws/aws-sdk-go-v2/service/sso v1.31.2/go.mod h1:A+U9luAOwFeB1kseyWCITVg7/NntoPebCFR9pQ4ch9A=
github.com/aws/aws-sdk-go-v2/service/ssoadmin v1.39.5 h1:UN4WW3h/hMgjwMAYki5Ih8SyZvNYqKGXgRDTYx2VdiM=
github.com/aws/aws-sdk-go-v2/service/ssoadmin v1.39.5/go.mod h1:Xe3LzOWxziXgeCDxcPKG7NwLo2ITc5zENG//61z+0bM=
github.com/aws/aws-sdk-go-v2/service/ssooidc v1.36.5 h1:KSzGGqfk39O+WU3OEyYbx6F7sLDQCqxlOJ+2IksfK6U=
github.com/aws/aws-sdk-go-v2/service/ssooidc v1.36.5/go.mod h1:ATs88lXDeQB6CZOgQ5BIl9JbYS+EsCWUSDyff6L/oVo=
github.com/aws/aws-sdk-go-v2/service/sts v1.43.2 h1:RTO7mmGyedgnNmcPh3yQizNfc6GKoV5iqfdJavuf9vw=
github.com/aws/aws-sdk-go-v2/service/sts v1.43.2/go.mod h1:fBhUZXDin9YYqhcpOMjIcpdik25rVwWyxLdPH1RZd9s=
github.com/aws/smithy-go v1.27.1 h1:4T340VFndXtADGF52gYa1POyL7s9E4Z1OeZ1hCscIw8=
github.com/aws/smithy-go v1.27.1/go.mod h1:YE2RhdIuDbA5E5bTdciG9KrW3+TiEONeUWCqxX9i1Fc=
github.com/creack/pty v1.1.9/go.mod h1:oKZEueFk5CKHvIhNR5MUki03XCEU+Q6VDXinZuGJ33E=
github.com/davecgh/go-spew v1.1.0/go.mod h1:J7Y8YcW2NihsgmVo/mv3lAwl/skON4iLHjSsI+c5H38=
github.com/davecgh/go-spew v1.1.1 h1:vj9j/u1bqnvCEfJOwUhtlOARqs3+rkHYY13jYWTU97c=
github.com/davecgh/go-spew v1.1.1/go.mod h1:J7Y8YcW2NihsgmVo/mv3lAwl/skON4iLHjSsI+c5H38=
github.com/google/go-cmp v0.5.2/go.mod h1:v8dTdLbMG2kIc/vJvl+f65V22dbkXbowE6jgT/gNBxE=
github.com/google/go-cmp v0.7.0 h1:wk8382ETsv4JYUZwIsn6YpYiWiBsYLSJiTsyBybVuN8=
github.com/google/go-cmp v0.7.0/go.mod h1:pXiqmnSA92OHEEa9HXL2W4E7lf9JzCmGVUdgjX3N/iU=
github.com/google/go-github/v66 v66.0.0 h1:ADJsaXj9UotwdgK8/iFZtv7MLc8E8WBl62WLd/D/9+M=
github.com/google/go-github/v66 v66.0.0/go.mod h1:+4SO9Zkuyf8ytMj0csN1NR/5OTR+MfqPp8P8dVlcvY4=
github.com/google/go-querystring v1.1.0 h1:AnCroh3fv4ZBgVIf1Iwtovgjaw/GiKJo8M8yD/fhyJ8=
github.com/google/go-querystring v1.1.0/go.mod h1:Kcdr2DB4koayq7X8pmAG4sNG59So17icRSOU623lUBU=
github.com/jackc/pgpassfile v1.0.0 h1:/6Hmqy13Ss2zCq62VdNG8tM1wchn8zjSGOBJ6icpsIM=
github.com/jackc/pgpassfile v1.0.0/go.mod h1:CEx0iS5ambNFdcRtxPj5JhEz+xB6uRky5eyVu/W2HEg=
github.com/jackc/pgservicefile v0.0.0-20240606120523-5a60cdf6a761 h1:iCEnooe7UlwOQYpKFhBabPMi4aNAfoODPEFNiAnClxo=
github.com/jackc/pgservicefile v0.0.0-20240606120523-5a60cdf6a761/go.mod h1:5TJZWKEWniPve33vlWYSoGYefn3gLQRzjfDlhSJ9ZKM=
github.com/jackc/pgx/v5 v5.10.0 h1:VhSvgU2jSli8o3AqIEOTJr7rZwAEUVo4E4XhR94Zfr0=
github.com/jackc/pgx/v5 v5.10.0/go.mod h1:mal1tBGAFfLHvZzaYh77YS/eC6IX9OWbRV1QIIM0Jn4=
github.com/jackc/puddle/v2 v2.2.2 h1:PR8nw+E/1w0GLuRFSmiioY6UooMp6KJv0/61nB7icHo=
github.com/jackc/puddle/v2 v2.2.2/go.mod h1:vriiEXHvEE654aYKXXjOvZM39qJ0q+azkZFrfEOc3H4=
github.com/klauspost/compress v1.18.5 h1:/h1gH5Ce+VWNLSWqPzOVn6XBO+vJbCNGvjoaGBFW2IE=
github.com/klauspost/compress v1.18.5/go.mod h1:cwPg85FWrGar70rWktvGQj8/hthj3wpl0PGDogxkrSQ=
github.com/kr/pretty v0.3.0 h1:WgNl7dwNpEZ6jJ9k1snq4pZsg7DOEN8hP9Xw0Tsjwk0=
github.com/kr/pretty v0.3.0/go.mod h1:640gp4NfQd8pI5XOwp5fnNeVWj67G7CFk/SaSQn7NBk=
github.com/kr/text v0.2.0 h1:5Nx0Ya0ZqY2ygV366QzturHI13Jq95ApcVaJBhpS+AY=
github.com/kr/text v0.2.0/go.mod h1:eLer722TekiGuMkidMxC/pM04lWEeraHUUmBw8l2grE=
github.com/nats-io/nats.go v1.52.0 h1:n3avV4VBsCgsdwh71TppsTwtv+QdPs7ntSKM8qJLGsc=
github.com/nats-io/nats.go v1.52.0/go.mod h1:26HypzazeOkyO3/mqd1zZd53STJN0EjCYF9Uy2ZOBno=
github.com/nats-io/nkeys v0.4.15 h1:JACV5jRVO9V856KOapQ7x+EY8Jo3qw1vJt/9Jpwzkk4=
github.com/nats-io/nkeys v0.4.15/go.mod h1:CpMchTXC9fxA5zrMo4KpySxNjiDVvr8ANOSZdiNfUrs=
github.com/nats-io/nuid v1.0.1 h1:5iA8DT8V7q8WK2EScv2padNa/rTESc1KdnPw4TC2paw=
github.com/nats-io/nuid v1.0.1/go.mod h1:19wcPz3Ph3q0Jbyiqsd0kePYG7A95tJPxeL+1OSON2c=
github.com/neo4j/neo4j-go-driver/v5 v5.28.4 h1:7toxehVcYkZbyxV4W3Ib9VcnyRBQPucF+VwNNmtSXi4=
github.com/neo4j/neo4j-go-driver/v5 v5.28.4/go.mod h1:Vff8OwT7QpLm7L2yYr85XNWe9Rbqlbeb9asNXJTHO4k=
github.com/package-url/packageurl-go v0.1.6 h1:YO3p6u1XmCUliivUg/qWphaY8vI6hxSnnPv7Bfg3m5M=
github.com/package-url/packageurl-go v0.1.6/go.mod h1:nKAWB8E6uk1MHqiS/lQb9pYBGH2+mdJ2PJc2s50dQY0=
github.com/pmezard/go-difflib v1.0.0 h1:4DBwDE0NGyQoBHbLQYPwSUPoCMWR5BEzIk/f1lZbAQM=
github.com/pmezard/go-difflib v1.0.0/go.mod h1:iKH77koFhYxTK1pcRnkKkqfTogsbg7gZNVY4sRDYZ/4=
github.com/rogpeppe/go-internal v1.14.1 h1:UQB4HGPB6osV0SQTLymcB4TgvyWu6ZyliaW0tI/otEQ=
github.com/rogpeppe/go-internal v1.14.1/go.mod h1:MaRKkUm5W0goXpeCfT7UZI6fk/L7L7so1lCWt35ZSgc=
github.com/stretchr/objx v0.1.0/go.mod h1:HFkY916IF+rwdDfMAkV7OtwuqBVzrE8GR6GFx+wExME=
github.com/stretchr/testify v1.3.0/go.mod h1:M5WIy9Dh21IEIfnGCwXGc5bZfKNJtfHm1UVUgZn+9EI=
github.com/stretchr/testify v1.7.0/go.mod h1:6Fq8oRcR53rry900zMqJjRRixrwX3KX962/h/Wwjteg=
github.com/stretchr/testify v1.11.1 h1:7s2iGBzp5EwR7/aIZr8ao5+dra3wiQyKjjFuvgVKu7U=
github.com/stretchr/testify v1.11.1/go.mod h1:wZwfW3scLgRK+23gO65QZefKpKQRnfz6sD981Nm4B6U=
golang.org/x/crypto v0.51.0 h1:IBPXwPfKxY7cWQZ38ZCIRPI50YLeevDLlLnyC5wRGTI=
golang.org/x/crypto v0.51.0/go.mod h1:8AdwkbraGNABw2kOX6YFPs3WM22XqI4EXEd8g+x7Oc8=
golang.org/x/net v0.55.0 h1:bcvxaJn3e1U6InsFWt1JUq1aSjnRxLzT2rtD2KfkDF8=
golang.org/x/net v0.55.0/go.mod h1:L5U2KuzuOe1lY7Z+aWVIKK6qEeJXnXV9yzGA+WCHJww=
golang.org/x/sync v0.20.0 h1:e0PTpb7pjO8GAtTs2dQ6jYa5BWYlMuX047Dco/pItO4=
golang.org/x/sync v0.20.0/go.mod h1:9xrNwdLfx4jkKbNva9FpL6vEN7evnE43NNNJQ2LF3+0=
golang.org/x/sys v0.45.0 h1:dO4czNzziLiiXplLQgBCEpCvXQ3dnkn0SdaZSYdQ+FY=
golang.org/x/sys v0.45.0/go.mod h1:4GL1E5IUh+htKOUEOaiffhrAeqysfVGipDYzABqnCmw=
golang.org/x/text v0.37.0 h1:Cqjiwd9eSg8e0QAkyCaQTNHFIIzWtidPahFWR83rTrc=
golang.org/x/text v0.37.0/go.mod h1:a5sjxXGs9hsn/AJVwuElvCAo9v8QYLzvavO5z2PiM38=
golang.org/x/xerrors v0.0.0-20191204190536-9bdfabe68543/go.mod h1:I/5z698sn9Ka8TeJc9MKroUUfqBBauWjQqLJ2OPfmY0=
google.golang.org/protobuf v1.36.11 h1:fV6ZwhNocDyBLK0dj+fg8ektcVegBBuEolpbTQyBNVE=
google.golang.org/protobuf v1.36.11/go.mod h1:HTf+CrKn2C3g5S8VImy6tdcUvCska2kB7j23XfzDpco=
gopkg.in/check.v1 v0.0.0-20161208181325-20d25e280405/go.mod h1:Co6ibVJAznAaIkqp8huTwlJQCZ016jof/cbN4VW5Yz0=
gopkg.in/check.v1 v1.0.0-20201130134442-10cb98267c6c h1:Hei/4ADfdWqJk1ZMxUNpqntNwaWcugrBjAiHlqqRiVk=
gopkg.in/check.v1 v1.0.0-20201130134442-10cb98267c6c/go.mod h1:JHkPIbrfpd72SG/EVd6muEfDQjcINNoR0C8j2r3qZ4Q=
gopkg.in/yaml.v3 v3.0.0-20200313102051-9f266ea9e77c/go.mod h1:K4uyk7z7BCEPqu6E+C64Yfv1cQ7kz7rIZviUmN+EgEM=
gopkg.in/yaml.v3 v3.0.1 h1:fxVm/GzAzEWqLHuvctI91KS9hhNmmWOoWu0XTYJS7CA=
gopkg.in/yaml.v3 v3.0.1/go.mod h1:K4uyk7z7BCEPqu6E+C64Yfv1cQ7kz7rIZviUmN+EgEM=
