version = 1
revision = 3
requires-python = "==3.14.6"

[[package]]
name = "arpeggio"
version = "2.0.3"
source = { registry = "https://pypi.org/simple" }
sdist = { url = "https://files.pythonhosted.org/packages/3b/58/ba011f3cf8291804ce80f9d81289ac15f0319a27f9d7e3c124aa5e4981cc/Arpeggio-2.0.3.tar.gz", hash = "sha256:9e85ad35cfc6c938676817c7ae9a1000a7c72a34c71db0c687136c460d12b85e", size = 766566, upload-time = "2025-09-12T12:45:20.594Z" }
wheels = [
    { url = "https://files.pythonhosted.org/packages/84/4d/53b8186b41842f7a5e971b1d1c28e678364dcf841e4170f5d14d38ac1e2a/Arpeggio-2.0.3-py2.py3-none-any.whl", hash = "sha256:9374d9c531b62018b787635f37fd81c9a6ee69ef2d28c5db3cd18791b1f7db2f", size = 54656, upload-time = "2025-09-12T12:45:17.971Z" },
]

[[package]]
name = "attrs"
version = "25.4.0"
source = { registry = "https://pypi.org/simple" }
sdist = { url = "https://files.pythonhosted.org/packages/6b/5c/685e6633917e101e5dcb62b9dd76946cbb57c26e133bae9e0cd36033c0a9/attrs-25.4.0.tar.gz", hash = "sha256:16d5969b87f0859ef33a48b35d55ac1be6e42ae49d5e853b597db70c35c57e11", size = 934251, upload-time = "2025-10-06T13:54:44.725Z" }
wheels = [
    { url = "https://files.pythonhosted.org/packages/3a/2a/7cc015f5b9f5db42b7d48157e23356022889fc354a2813c15934b7cb5c0e/attrs-25.4.0-py3-none-any.whl", hash = "sha256:adcf7e2a1fb3b36ac48d97835bb6d8ade15b8dcce26aba8bf1d14847b57a3373", size = 67615, upload-time = "2025-10-06T13:54:43.17Z" },
]

[[package]]
name = "cerebro-infra"
version = "0.1.0"
source = { virtual = "." }
dependencies = [
    { name = "pulumi" },
    { name = "pulumi-aws" },
    { name = "pulumi-gcp" },
    { name = "pulumi-random" },
    { name = "pulumi-tailscale" },
]

[package.metadata]
requires-dist = [
    { name = "pulumi", specifier = "==3.224.0" },
    { name = "pulumi-aws", specifier = "==7.16.0" },
    { name = "pulumi-gcp", specifier = "==9.21.0" },
    { name = "pulumi-random", specifier = "==4.18.5" },
    { name = "pulumi-tailscale", specifier = "==0.24.0" },
]

[[package]]
name = "debugpy"
version = "1.8.19"
source = { registry = "https://pypi.org/simple" }
sdist = { url = "https://files.pythonhosted.org/packages/73/75/9e12d4d42349b817cd545b89247696c67917aab907012ae5b64bbfea3199/debugpy-1.8.19.tar.gz", hash = "sha256:eea7e5987445ab0b5ed258093722d5ecb8bb72217c5c9b1e21f64efe23ddebdb", size = 1644590, upload-time = "2025-12-15T21:53:28.044Z" }
wheels = [
    { url = "https://files.pythonhosted.org/packages/f6/b9/cbec520c3a00508327476c7fce26fbafef98f412707e511eb9d19a2ef467/debugpy-1.8.19-cp314-cp314-macosx_15_0_universal2.whl", hash = "sha256:1e8c4d1bd230067bf1bbcdbd6032e5a57068638eb28b9153d008ecde288152af", size = 2537372, upload-time = "2025-12-15T21:53:57.318Z" },
    { url = "https://files.pythonhosted.org/packages/88/5e/cf4e4dc712a141e10d58405c58c8268554aec3c35c09cdcda7535ff13f76/debugpy-1.8.19-cp314-cp314-manylinux_2_34_x86_64.whl", hash = "sha256:d40c016c1f538dbf1762936e3aeb43a89b965069d9f60f9e39d35d9d25e6b809", size = 4268729, upload-time = "2025-12-15T21:53:58.712Z" },
    { url = "https://files.pythonhosted.org/packages/82/a3/c91a087ab21f1047db328c1d3eb5d1ff0e52de9e74f9f6f6fa14cdd93d58/debugpy-1.8.19-cp314-cp314-win32.whl", hash = "sha256:0601708223fe1cd0e27c6cce67a899d92c7d68e73690211e6788a4b0e1903f5b", size = 5286388, upload-time = "2025-12-15T21:54:00.687Z" },
    { url = "https://files.pythonhosted.org/packages/17/b8/bfdc30b6e94f1eff09f2dc9cc1f9cd1c6cde3d996bcbd36ce2d9a4956e99/debugpy-1.8.19-cp314-cp314-win_amd64.whl", hash = "sha256:8e19a725f5d486f20e53a1dde2ab8bb2c9607c40c00a42ab646def962b41125f", size = 5327741, upload-time = "2025-12-15T21:54:02.148Z" },
    { url = "https://files.pythonhosted.org/packages/25/3e/e27078370414ef35fafad2c06d182110073daaeb5d3bf734b0b1eeefe452/debugpy-1.8.19-py2.py3-none-any.whl", hash = "sha256:360ffd231a780abbc414ba0f005dad409e71c78637efe8f2bd75837132a41d38", size = 5292321, upload-time = "2025-12-15T21:54:16.024Z" },
]

[[package]]
name = "dill"
version = "0.4.0"
source = { registry = "https://pypi.org/simple" }
sdist = { url = "https://files.pythonhosted.org/packages/12/80/630b4b88364e9a8c8c5797f4602d0f76ef820909ee32f0bacb9f90654042/dill-0.4.0.tar.gz", hash = "sha256:0633f1d2df477324f53a895b02c901fb961bdbf65a17122586ea7019292cbcf0", size = 186976, upload-time = "2025-04-16T00:41:48.867Z" }
wheels = [
    { url = "https://files.pythonhosted.org/packages/50/3d/9373ad9c56321fdab5b41197068e1d8c25883b3fea29dd361f9b55116869/dill-0.4.0-py3-none-any.whl", hash = "sha256:44f54bf6412c2c8464c14e8243eb163690a9800dbe2c367330883b19c7561049", size = 119668, upload-time = "2025-04-16T00:41:47.671Z" },
]

[[package]]
name = "grpcio"
version = "1.76.0"
source = { registry = "https://pypi.org/simple" }
dependencies = [
    { name = "typing-extensions" },
]
sdist = { url = "https://files.pythonhosted.org/packages/b6/e0/318c1ce3ae5a17894d5791e87aea147587c9e702f24122cc7a5c8bbaeeb1/grpcio-1.76.0.tar.gz", hash = "sha256:7be78388d6da1a25c0d5ec506523db58b18be22d9c37d8d3a32c08be4987bd73", size = 12785182, upload-time = "2025-10-21T16:23:12.106Z" }
wheels = [
    { url = "https://files.pythonhosted.org/packages/b4/46/39adac80de49d678e6e073b70204091e76631e03e94928b9ea4ecf0f6e0e/grpcio-1.76.0-cp314-cp314-linux_armv7l.whl", hash = "sha256:ff8a59ea85a1f2191a0ffcc61298c571bc566332f82e5f5be1b83c9d8e668a62", size = 5808417, upload-time = "2025-10-21T16:22:15.02Z" },
    { url = "https://files.pythonhosted.org/packages/9c/f5/a4531f7fb8b4e2a60b94e39d5d924469b7a6988176b3422487be61fe2998/grpcio-1.76.0-cp314-cp314-macosx_11_0_universal2.whl", hash = "sha256:06c3d6b076e7b593905d04fdba6a0525711b3466f43b3400266f04ff735de0cd", size = 11828219, upload-time = "2025-10-21T16:22:17.954Z" },
    { url = "https://files.pythonhosted.org/packages/4b/1c/de55d868ed7a8bd6acc6b1d6ddc4aa36d07a9f31d33c912c804adb1b971b/grpcio-1.76.0-cp314-cp314-manylinux2014_aarch64.manylinux_2_17_aarch64.whl", hash = "sha256:fd5ef5932f6475c436c4a55e4336ebbe47bd3272be04964a03d316bbf4afbcbc", size = 6367826, upload-time = "2025-10-21T16:22:20.721Z" },
    { url = "https://files.pythonhosted.org/packages/59/64/99e44c02b5adb0ad13ab3adc89cb33cb54bfa90c74770f2607eea629b86f/grpcio-1.76.0-cp314-cp314-manylinux2014_i686.manylinux_2_17_i686.whl", hash = "sha256:b331680e46239e090f5b3cead313cc772f6caa7d0fc8de349337563125361a4a", size = 7049550, upload-time = "2025-10-21T16:22:23.637Z" },
    { url = "https://files.pythonhosted.org/packages/43/28/40a5be3f9a86949b83e7d6a2ad6011d993cbe9b6bd27bea881f61c7788b6/grpcio-1.76.0-cp314-cp314-manylinux2014_x86_64.manylinux_2_17_x86_64.whl", hash = "sha256:2229ae655ec4e8999599469559e97630185fdd53ae1e8997d147b7c9b2b72cba", size = 6575564, upload-time = "2025-10-21T16:22:26.016Z" },
    { url = "https://files.pythonhosted.org/packages/4b/a9/1be18e6055b64467440208a8559afac243c66a8b904213af6f392dc2212f/grpcio-1.76.0-cp314-cp314-musllinux_1_2_aarch64.whl", hash = "sha256:490fa6d203992c47c7b9e4a9d39003a0c2bcc1c9aa3c058730884bbbb0ee9f09", size = 7176236, upload-time = "2025-10-21T16:22:28.362Z" },
    { url = "https://files.pythonhosted.org/packages/0f/55/dba05d3fcc151ce6e81327541d2cc8394f442f6b350fead67401661bf041/grpcio-1.76.0-cp314-cp314-musllinux_1_2_i686.whl", hash = "sha256:479496325ce554792dba6548fae3df31a72cef7bad71ca2e12b0e58f9b336bfc", size = 8125795, upload-time = "2025-10-21T16:22:31.075Z" },
    { url = "https://files.pythonhosted.org/packages/4a/45/122df922d05655f63930cf42c9e3f72ba20aadb26c100ee105cad4ce4257/grpcio-1.76.0-cp314-cp314-musllinux_1_2_x86_64.whl", hash = "sha256:1c9b93f79f48b03ada57ea24725d83a30284a012ec27eab2cf7e50a550cbbbcc", size = 7592214, upload-time = "2025-10-21T16:22:33.831Z" },
    { url = "https://files.pythonhosted.org/packages/4a/6e/0b899b7f6b66e5af39e377055fb4a6675c9ee28431df5708139df2e93233/grpcio-1.76.0-cp314-cp314-win32.whl", hash = "sha256:747fa73efa9b8b1488a95d0ba1039c8e2dca0f741612d80415b1e1c560febf4e", size = 4062961, upload-time = "2025-10-21T16:22:36.468Z" },
    { url = "https://files.pythonhosted.org/packages/19/41/0b430b01a2eb38ee887f88c1f07644a1df8e289353b78e82b37ef988fb64/grpcio-1.76.0-cp314-cp314-win_amd64.whl", hash = "sha256:922fa70ba549fce362d2e2871ab542082d66e2aaf0c19480ea453905b01f384e", size = 4834462, upload-time = "2025-10-21T16:22:39.772Z" },
]

[[package]]
name = "packaging"
version = "26.0"
source = { registry = "https://pypi.org/simple" }
sdist = { url = "https://files.pythonhosted.org/packages/65/ee/299d360cdc32edc7d2cf530f3accf79c4fca01e96ffc950d8a52213bd8e4/packaging-26.0.tar.gz", hash = "sha256:00243ae351a257117b6a241061796684b084ed1c516a08c48a3f7e147a9d80b4", size = 143416, upload-time = "2026-01-21T20:50:39.064Z" }
wheels = [
    { url = "https://files.pythonhosted.org/packages/b7/b9/c538f279a4e237a006a2c98387d081e9eb060d203d8ed34467cc0f0b9b53/packaging-26.0-py3-none-any.whl", hash = "sha256:b36f1fef9334a5588b4166f8bcd26a14e521f2b55e6b9de3aaa80d3ff7a37529", size = 74366, upload-time = "2026-01-21T20:50:37.788Z" },
]

[[package]]
name = "parver"
version = "0.5"
source = { registry = "https://pypi.org/simple" }
dependencies = [
    { name = "arpeggio" },
    { name = "attrs" },
]
sdist = { url = "https://files.pythonhosted.org/packages/cc/e5/1c774688a90f0b76e872e30f6f1ba3f5e14056cd0d96a684047d4a986226/parver-0.5.tar.gz", hash = "sha256:b9fde1e6bb9ce9f07e08e9c4bea8d8825c5e78e18a0052d02e02bf9517eb4777", size = 26908, upload-time = "2023-10-03T21:06:54.506Z" }
wheels = [
    { url = "https://files.pythonhosted.org/packages/0f/4c/f98024021bef4d44dce3613feebd702c7ad8883f777ff8488384c59e9774/parver-0.5-py3-none-any.whl", hash = "sha256:2281b187276c8e8e3c15634f62287b2fb6fe0efe3010f739a6bd1e45fa2bf2b2", size = 15172, upload-time = "2023-10-03T21:06:52.796Z" },
]

[[package]]
name = "pip"
version = "26.1"
source = { registry = "https://pypi.org/simple" }
sdist = { url = "https://files.pythonhosted.org/packages/73/7e/d2b04004e1068ad4fdfa2f227b839b5d03e602e47cdbbf49de71137c9546/pip-26.1.tar.gz", hash = "sha256:81e13ebcca3ffa8cc85e4deff5c27e1ee26dea0aa7fc2f294a073ac208806ff3", size = 1840316, upload-time = "2026-04-26T21:00:05.406Z" }
wheels = [
    { url = "https://files.pythonhosted.org/packages/70/7a/be4bd8bcbb24ea475856dd68159d78b03b2bb53dae369f69c9606b8888f5/pip-26.1-py3-none-any.whl", hash = "sha256:4e8486d821d814b77319acb7b9e8bf5a4ee7590a643e7cb21029f209be8573c1", size = 1812804, upload-time = "2026-04-26T21:00:03.194Z" },
]

[[package]]
name = "protobuf"
version = "5.29.6"
source = { registry = "https://pypi.org/simple" }
sdist = { url = "https://files.pythonhosted.org/packages/7e/57/394a763c103e0edf87f0938dafcd918d53b4c011dfc5c8ae80f3b0452dbb/protobuf-5.29.6.tar.gz", hash = "sha256:da9ee6a5424b6b30fd5e45c5ea663aef540ca95f9ad99d1e887e819cdf9b8723", size = 425623, upload-time = "2026-02-04T22:54:40.584Z" }
wheels = [
    { url = "https://files.pythonhosted.org/packages/d4/88/9ee58ff7863c479d6f8346686d4636dd4c415b0cbeed7a6a7d0617639c2a/protobuf-5.29.6-cp310-abi3-win32.whl", hash = "sha256:62e8a3114992c7c647bce37dcc93647575fc52d50e48de30c6fcb28a6a291eb1", size = 423357, upload-time = "2026-02-04T22:54:25.805Z" },
    { url = "https://files.pythonhosted.org/packages/1c/66/2dc736a4d576847134fb6d80bd995c569b13cdc7b815d669050bf0ce2d2c/protobuf-5.29.6-cp310-abi3-win_amd64.whl", hash = "sha256:7e6ad413275be172f67fdee0f43484b6de5a904cc1c3ea9804cb6fe2ff366eda", size = 435175, upload-time = "2026-02-04T22:54:28.592Z" },
    { url = "https://files.pythonhosted.org/packages/06/db/49b05966fd208ae3f44dcd33837b6243b4915c57561d730a43f881f24dea/protobuf-5.29.6-cp38-abi3-macosx_10_9_universal2.whl", hash = "sha256:b5a169e664b4057183a34bdc424540e86eea47560f3c123a0d64de4e137f9269", size = 418619, upload-time = "2026-02-04T22:54:30.266Z" },
    { url = "https://files.pythonhosted.org/packages/b7/d7/48cbf6b0c3c39761e47a99cb483405f0fde2be22cf00d71ef316ce52b458/protobuf-5.29.6-cp38-abi3-manylinux2014_aarch64.whl", hash = "sha256:a8866b2cff111f0f863c1b3b9e7572dc7eaea23a7fae27f6fc613304046483e6", size = 320284, upload-time = "2026-02-04T22:54:31.782Z" },
    { url = "https://files.pythonhosted.org/packages/e3/dd/cadd6ec43069247d91f6345fa7a0d2858bef6af366dbd7ba8f05d2c77d3b/protobuf-5.29.6-cp38-abi3-manylinux2014_x86_64.whl", hash = "sha256:e3387f44798ac1106af0233c04fb8abf543772ff241169946f698b3a9a3d3ab9", size = 320478, upload-time = "2026-02-04T22:54:32.909Z" },
    { url = "https://files.pythonhosted.org/packages/5a/cb/e3065b447186cb70aa65acc70c86baf482d82bf75625bf5a2c4f6919c6a3/protobuf-5.29.6-py3-none-any.whl", hash = "sha256:6b9edb641441b2da9fa8f428760fc136a49cf97a52076010cf22a2ff73438a86", size = 173126, upload-time = "2026-02-04T22:54:39.462Z" },
]

[[package]]
name = "pulumi"
version = "3.224.0"
source = { registry = "https://pypi.org/simple" }
dependencies = [
    { name = "debugpy" },
    { name = "dill" },
    { name = "grpcio" },
    { name = "packaging" },
    { name = "pip" },
    { name = "protobuf" },
    { name = "pyyaml" },
    { name = "semver" },
]
wheels = [
    { url = "https://files.pythonhosted.org/packages/ed/5f/94b4af305a4aa34842bb65282269bc9804125d0d22442d099fec07dd78b3/pulumi-3.224.0-py3-none-any.whl", hash = "sha256:2045987052c39740dcdb13d8845868106aebdc91792aa25ef82b06797ebf0a8e", size = 390575, upload-time = "2026-02-26T16:28:59.795Z" },
]

[[package]]
name = "pulumi-aws"
version = "7.16.0"
source = { registry = "https://pypi.org/simple" }
dependencies = [
    { name = "parver" },
    { name = "pulumi" },
    { name = "semver" },
]
sdist = { url = "https://files.pythonhosted.org/packages/09/c1/2fec860deea1e8d393907167556ec20bfce10e5430f55c9f1bbc6e8ea43a/pulumi_aws-7.16.0.tar.gz", hash = "sha256:dd80a11865c1a9146d41633a45f5ef5c6af544c19eb573f785472ae630338c09", size = 8617783, upload-time = "2026-01-09T19:28:26.681Z" }
wheels = [
    { url = "https://files.pythonhosted.org/packages/72/44/75bbdbca7b86d6f8c9e1b950bf5e906ca0b72f67eca15d9e2cc3a923ff3c/pulumi_aws-7.16.0-py3-none-any.whl", hash = "sha256:69944c4211c990be32a825d99139cfba7186b5ca27269f307dc24a7dd840ad5f", size = 11629591, upload-time = "2026-01-09T19:28:23.923Z" },
]

[[package]]
name = "pulumi-gcp"
version = "9.21.0"
source = { registry = "https://pypi.org/simple" }
dependencies = [
    { name = "parver" },
    { name = "pulumi" },
    { name = "semver" },
]
sdist = { url = "https://files.pythonhosted.org/packages/2a/a7/951171f65a0fa7359b2e441ce59dbbfd27ad4d5983ab5f56e3555436e010/pulumi_gcp-9.21.0.tar.gz", hash = "sha256:30841f00edfa8ee81857deefa448aa6aa5678ffdeda2d8e50012f50dcee83271", size = 9968199, upload-time = "2026-04-24T11:58:30.444Z" }
wheels = [
    { url = "https://files.pythonhosted.org/packages/33/e5/e35b5203379e504b9e70d0706331c8557a67cbf4bcf62a58291f3abac61a/pulumi_gcp-9.21.0-py3-none-any.whl", hash = "sha256:45399a6ea830ceaf8edff2b176501d244bff3590672b27ce7fdd1bc852a3d172", size = 12250639, upload-time = "2026-04-24T11:58:27.172Z" },
]

[[package]]
name = "pulumi-random"
version = "4.18.5"
source = { registry = "https://pypi.org/simple" }
dependencies = [
    { name = "parver" },
    { name = "pulumi" },
    { name = "semver" },
]
sdist = { url = "https://files.pythonhosted.org/packages/ef/8c/0a0363120619649d32b299efec271d8f614d3cd23a538f6a31d8711b6c5f/pulumi_random-4.18.5.tar.gz", hash = "sha256:01519193a9484a70b9cc5785447568c60f9f176c78fbed4a91b2e9644d0dd6f8", size = 21668, upload-time = "2025-12-31T00:39:21.608Z" }
wheels = [
    { url = "https://files.pythonhosted.org/packages/f7/02/59c2a7c29ca9a6f62dc0c3a15b6460ea37e57bd49f5d395788ecddab0754/pulumi_random-4.18.5-py3-none-any.whl", hash = "sha256:bd4907dce550baaade576dcbda7d32af154d751cbfbb10c99ed74ce67a751ace", size = 31338, upload-time = "2025-12-31T00:39:20.199Z" },
]

[[package]]
name = "pulumi-tailscale"
version = "0.24.0"
source = { registry = "https://pypi.org/simple" }
dependencies = [
    { name = "parver" },
    { name = "pulumi" },
    { name = "semver" },
]
sdist = { url = "https://files.pythonhosted.org/packages/2c/5b/c43f58ba16bdbb01492d5b1c1a7bc28bf6768dc17f3c83ad011a40cc07ce/pulumi_tailscale-0.24.0.tar.gz", hash = "sha256:4bdda5ca09b07efd89886cc3d20c4e45cde5430b7a8559a25cc26643ad86a46a", size = 43314, upload-time = "2026-01-06T03:57:54.351Z" }
wheels = [
    { url = "https://files.pythonhosted.org/packages/a1/9f/9f6468d7fc66e623aed5ea757002050c9a45edb35d2ab4a615eb03dbaa60/pulumi_tailscale-0.24.0-py3-none-any.whl", hash = "sha256:6dac592c7812c82164e06228f833fa93a8ccb73afbb599c36ce417f773729ba9", size = 74197, upload-time = "2026-01-06T03:57:52.742Z" },
]

[[package]]
name = "pyyaml"
version = "6.0.3"
source = { registry = "https://pypi.org/simple" }
sdist = { url = "https://files.pythonhosted.org/packages/05/8e/961c0007c59b8dd7729d542c61a4d537767a59645b82a0b521206e1e25c2/pyyaml-6.0.3.tar.gz", hash = "sha256:d76623373421df22fb4cf8817020cbb7ef15c725b9d5e45f17e189bfc384190f", size = 130960, upload-time = "2025-09-25T21:33:16.546Z" }
wheels = [
    { url = "https://files.pythonhosted.org/packages/9d/8c/f4bd7f6465179953d3ac9bc44ac1a8a3e6122cf8ada906b4f96c60172d43/pyyaml-6.0.3-cp314-cp314-macosx_10_13_x86_64.whl", hash = "sha256:8d1fab6bb153a416f9aeb4b8763bc0f22a5586065f86f7664fc23339fc1c1fac", size = 181814, upload-time = "2025-09-25T21:32:35.712Z" },
    { url = "https://files.pythonhosted.org/packages/bd/9c/4d95bb87eb2063d20db7b60faa3840c1b18025517ae857371c4dd55a6b3a/pyyaml-6.0.3-cp314-cp314-macosx_11_0_arm64.whl", hash = "sha256:34d5fcd24b8445fadc33f9cf348c1047101756fd760b4dacb5c3e99755703310", size = 173809, upload-time = "2025-09-25T21:32:36.789Z" },
    { url = "https://files.pythonhosted.org/packages/92/b5/47e807c2623074914e29dabd16cbbdd4bf5e9b2db9f8090fa64411fc5382/pyyaml-6.0.3-cp314-cp314-manylinux2014_aarch64.manylinux_2_17_aarch64.manylinux_2_28_aarch64.whl", hash = "sha256:501a031947e3a9025ed4405a168e6ef5ae3126c59f90ce0cd6f2bfc477be31b7", size = 766454, upload-time = "2025-09-25T21:32:37.966Z" },
    { url = "https://files.pythonhosted.org/packages/02/9e/e5e9b168be58564121efb3de6859c452fccde0ab093d8438905899a3a483/pyyaml-6.0.3-cp314-cp314-manylinux2014_s390x.manylinux_2_17_s390x.manylinux_2_28_s390x.whl", hash = "sha256:b3bc83488de33889877a0f2543ade9f70c67d66d9ebb4ac959502e12de895788", size = 836355, upload-time = "2025-09-25T21:32:39.178Z" },
    { url = "https://files.pythonhosted.org/packages/88/f9/16491d7ed2a919954993e48aa941b200f38040928474c9e85ea9e64222c3/pyyaml-6.0.3-cp314-cp314-manylinux2014_x86_64.manylinux_2_17_x86_64.manylinux_2_28_x86_64.whl", hash = "sha256:c458b6d084f9b935061bc36216e8a69a7e293a2f1e68bf956dcd9e6cbcd143f5", size = 794175, upload-time = "2025-09-25T21:32:40.865Z" },
    { url = "https://files.pythonhosted.org/packages/dd/3f/5989debef34dc6397317802b527dbbafb2b4760878a53d4166579111411e/pyyaml-6.0.3-cp314-cp314-musllinux_1_2_aarch64.whl", hash = "sha256:7c6610def4f163542a622a73fb39f534f8c101d690126992300bf3207eab9764", size = 755228, upload-time = "2025-09-25T21:32:42.084Z" },
    { url = "https://files.pythonhosted.org/packages/d7/ce/af88a49043cd2e265be63d083fc75b27b6ed062f5f9fd6cdc223ad62f03e/pyyaml-6.0.3-cp314-cp314-musllinux_1_2_x86_64.whl", hash = "sha256:5190d403f121660ce8d1d2c1bb2ef1bd05b5f68533fc5c2ea899bd15f4399b35", size = 789194, upload-time = "2025-09-25T21:32:43.362Z" },
    { url = "https://files.pythonhosted.org/packages/23/20/bb6982b26a40bb43951265ba29d4c246ef0ff59c9fdcdf0ed04e0687de4d/pyyaml-6.0.3-cp314-cp314-win_amd64.whl", hash = "sha256:4a2e8cebe2ff6ab7d1050ecd59c25d4c8bd7e6f400f5f82b96557ac0abafd0ac", size = 156429, upload-time = "2025-09-25T21:32:57.844Z" },
    { url = "https://files.pythonhosted.org/packages/f4/f4/a4541072bb9422c8a883ab55255f918fa378ecf083f5b85e87fc2b4eda1b/pyyaml-6.0.3-cp314-cp314-win_arm64.whl", hash = "sha256:93dda82c9c22deb0a405ea4dc5f2d0cda384168e466364dec6255b293923b2f3", size = 143912, upload-time = "2025-09-25T21:32:59.247Z" },
    { url = "https://files.pythonhosted.org/packages/7c/f9/07dd09ae774e4616edf6cda684ee78f97777bdd15847253637a6f052a62f/pyyaml-6.0.3-cp314-cp314t-macosx_10_13_x86_64.whl", hash = "sha256:02893d100e99e03eda1c8fd5c441d8c60103fd175728e23e431db1b589cf5ab3", size = 189108, upload-time = "2025-09-25T21:32:44.377Z" },
    { url = "https://files.pythonhosted.org/packages/4e/78/8d08c9fb7ce09ad8c38ad533c1191cf27f7ae1effe5bb9400a46d9437fcf/pyyaml-6.0.3-cp314-cp314t-macosx_11_0_arm64.whl", hash = "sha256:c1ff362665ae507275af2853520967820d9124984e0f7466736aea23d8611fba", size = 183641, upload-time = "2025-09-25T21:32:45.407Z" },
    { url = "https://files.pythonhosted.org/packages/7b/5b/3babb19104a46945cf816d047db2788bcaf8c94527a805610b0289a01c6b/pyyaml-6.0.3-cp314-cp314t-manylinux2014_aarch64.manylinux_2_17_aarch64.manylinux_2_28_aarch64.whl", hash = "sha256:6adc77889b628398debc7b65c073bcb99c4a0237b248cacaf3fe8a557563ef6c", size = 831901, upload-time = "2025-09-25T21:32:48.83Z" },
    { url = "https://files.pythonhosted.org/packages/8b/cc/dff0684d8dc44da4d22a13f35f073d558c268780ce3c6ba1b87055bb0b87/pyyaml-6.0.3-cp314-cp314t-manylinux2014_s390x.manylinux_2_17_s390x.manylinux_2_28_s390x.whl", hash = "sha256:a80cb027f6b349846a3bf6d73b5e95e782175e52f22108cfa17876aaeff93702", size = 861132, upload-time = "2025-09-25T21:32:50.149Z" },
    { url = "https://files.pythonhosted.org/packages/b1/5e/f77dc6b9036943e285ba76b49e118d9ea929885becb0a29ba8a7c75e29fe/pyyaml-6.0.3-cp314-cp314t-manylinux2014_x86_64.manylinux_2_17_x86_64.manylinux_2_28_x86_64.whl", hash = "sha256:00c4bdeba853cc34e7dd471f16b4114f4162dc03e6b7afcc2128711f0eca823c", size = 839261, upload-time = "2025-09-25T21:32:51.808Z" },
    { url = "https://files.pythonhosted.org/packages/ce/88/a9db1376aa2a228197c58b37302f284b5617f56a5d959fd1763fb1675ce6/pyyaml-6.0.3-cp314-cp314t-musllinux_1_2_aarch64.whl", hash = "sha256:66e1674c3ef6f541c35191caae2d429b967b99e02040f5ba928632d9a7f0f065", size = 805272, upload-time = "2025-09-25T21:32:52.941Z" },
    { url = "https://files.pythonhosted.org/packages/da/92/1446574745d74df0c92e6aa4a7b0b3130706a4142b2d1a5869f2eaa423c6/pyyaml-6.0.3-cp314-cp314t-musllinux_1_2_x86_64.whl", hash = "sha256:16249ee61e95f858e83976573de0f5b2893b3677ba71c9dd36b9cf8be9ac6d65", size = 829923, upload-time = "2025-09-25T21:32:54.537Z" },
    { url = "https://files.pythonhosted.org/packages/f0/7a/1c7270340330e575b92f397352af856a8c06f230aa3e76f86b39d01b416a/pyyaml-6.0.3-cp314-cp314t-win_amd64.whl", hash = "sha256:4ad1906908f2f5ae4e5a8ddfce73c320c2a1429ec52eafd27138b7f1cbe341c9", size = 174062, upload-time = "2025-09-25T21:32:55.767Z" },
    { url = "https://files.pythonhosted.org/packages/f1/12/de94a39c2ef588c7e6455cfbe7343d3b2dc9d6b6b2f40c4c6565744c873d/pyyaml-6.0.3-cp314-cp314t-win_arm64.whl", hash = "sha256:ebc55a14a21cb14062aa4162f906cd962b28e2e9ea38f9b4391244cd8de4ae0b", size = 149341, upload-time = "2025-09-25T21:32:56.828Z" },
]

[[package]]
name = "semver"
version = "3.0.4"
source = { registry = "https://pypi.org/simple" }
sdist = { url = "https://files.pythonhosted.org/packages/72/d1/d3159231aec234a59dd7d601e9dd9fe96f3afff15efd33c1070019b26132/semver-3.0.4.tar.gz", hash = "sha256:afc7d8c584a5ed0a11033af086e8af226a9c0b206f313e0301f8dd7b6b589602", size = 269730, upload-time = "2025-01-24T13:19:27.617Z" }
wheels = [
    { url = "https://files.pythonhosted.org/packages/a6/24/4d91e05817e92e3a61c8a21e08fd0f390f5301f1c448b137c57c4bc6e543/semver-3.0.4-py3-none-any.whl", hash = "sha256:9c824d87ba7f7ab4a1890799cec8596f15c1241cb473404ea1cb0c55e4b04746", size = 17912, upload-time = "2025-01-24T13:19:24.949Z" },
]

[[package]]
name = "typing-extensions"
version = "4.15.0"
source = { registry = "https://pypi.org/simple" }
sdist = { url = "https://files.pythonhosted.org/packages/72/94/1a15dd82efb362ac84269196e94cf00f187f7ed21c242792a923cdb1c61f/typing_extensions-4.15.0.tar.gz", hash = "sha256:0cea48d173cc12fa28ecabc3b837ea3cf6f38c6d1136f85cbaaf598984861466", size = 109391, upload-time = "2025-08-25T13:49:26.313Z" }
wheels = [
    { url = "https://files.pythonhosted.org/packages/18/67/36e9267722cc04a6b9f15c7f3441c2363321a3ea07da7ae0c0707beb2a9c/typing_extensions-4.15.0-py3-none-any.whl", hash = "sha256:f0fa19c6845758ab08074a0cfa8b7aecb71c999ca73d62883bc25cc018c4e548", size = 44614, upload-time = "2025-08-25T13:49:24.86Z" },
]
