version = 1
revision = 3
requires-python = "==3.14.6"

[[package]]
name = "arpeggio"
version = "2.0.3"
source = { registry = "https://us-central1-python.pkg.dev/qordoba-devel/writer-pypi-proxy/simple/" }
sdist = { url = "https://us-central1-python.pkg.dev/qordoba-devel/writer-pypi-proxy/arpeggio/Arpeggio-2.0.3.tar.gz", hash = "sha256:9e85ad35cfc6c938676817c7ae9a1000a7c72a34c71db0c687136c460d12b85e" }
wheels = [
    { url = "https://us-central1-python.pkg.dev/qordoba-devel/writer-pypi-proxy/arpeggio/Arpeggio-2.0.3-py2.py3-none-any.whl", hash = "sha256:9374d9c531b62018b787635f37fd81c9a6ee69ef2d28c5db3cd18791b1f7db2f" },
]

[[package]]
name = "attrs"
version = "25.4.0"
source = { registry = "https://us-central1-python.pkg.dev/qordoba-devel/writer-pypi-proxy/simple/" }
sdist = { url = "https://us-central1-python.pkg.dev/qordoba-devel/writer-pypi-proxy/attrs/attrs-25.4.0.tar.gz", hash = "sha256:16d5969b87f0859ef33a48b35d55ac1be6e42ae49d5e853b597db70c35c57e11" }
wheels = [
    { url = "https://us-central1-python.pkg.dev/qordoba-devel/writer-pypi-proxy/attrs/attrs-25.4.0-py3-none-any.whl", hash = "sha256:adcf7e2a1fb3b36ac48d97835bb6d8ade15b8dcce26aba8bf1d14847b57a3373" },
]

[[package]]
name = "cerebro-infra"
version = "0.1.0"
source = { virtual = "." }
dependencies = [
    { name = "pulumi" },
    { name = "pulumi-aws" },
    { name = "pulumi-gcp" },
    { name = "pulumi-random" },
    { name = "pulumi-tailscale" },
]

[package.metadata]
requires-dist = [
    { name = "pulumi", specifier = "==3.224.0" },
    { name = "pulumi-aws", specifier = "==7.16.0" },
    { name = "pulumi-gcp", specifier = "==9.21.0" },
    { name = "pulumi-random", specifier = "==4.18.5" },
    { name = "pulumi-tailscale", specifier = "==0.24.0" },
]

[[package]]
name = "debugpy"
version = "1.8.19"
source = { registry = "https://us-central1-python.pkg.dev/qordoba-devel/writer-pypi-proxy/simple/" }
sdist = { url = "https://us-central1-python.pkg.dev/qordoba-devel/writer-pypi-proxy/debugpy/debugpy-1.8.19.tar.gz", hash = "sha256:eea7e5987445ab0b5ed258093722d5ecb8bb72217c5c9b1e21f64efe23ddebdb" }
wheels = [
    { url = "https://us-central1-python.pkg.dev/qordoba-devel/writer-pypi-proxy/debugpy/debugpy-1.8.19-cp314-cp314-macosx_15_0_universal2.whl", hash = "sha256:1e8c4d1bd230067bf1bbcdbd6032e5a57068638eb28b9153d008ecde288152af" },
    { url = "https://us-central1-python.pkg.dev/qordoba-devel/writer-pypi-proxy/debugpy/debugpy-1.8.19-cp314-cp314-manylinux_2_34_x86_64.whl", hash = "sha256:d40c016c1f538dbf1762936e3aeb43a89b965069d9f60f9e39d35d9d25e6b809" },
    { url = "https://us-central1-python.pkg.dev/qordoba-devel/writer-pypi-proxy/debugpy/debugpy-1.8.19-cp314-cp314-win32.whl", hash = "sha256:0601708223fe1cd0e27c6cce67a899d92c7d68e73690211e6788a4b0e1903f5b" },
    { url = "https://us-central1-python.pkg.dev/qordoba-devel/writer-pypi-proxy/debugpy/debugpy-1.8.19-cp314-cp314-win_amd64.whl", hash = "sha256:8e19a725f5d486f20e53a1dde2ab8bb2c9607c40c00a42ab646def962b41125f" },
    { url = "https://us-central1-python.pkg.dev/qordoba-devel/writer-pypi-proxy/debugpy/debugpy-1.8.19-py2.py3-none-any.whl", hash = "sha256:360ffd231a780abbc414ba0f005dad409e71c78637efe8f2bd75837132a41d38" },
]

[[package]]
name = "dill"
version = "0.4.0"
source = { registry = "https://us-central1-python.pkg.dev/qordoba-devel/writer-pypi-proxy/simple/" }
sdist = { url = "https://us-central1-python.pkg.dev/qordoba-devel/writer-pypi-proxy/dill/dill-0.4.0.tar.gz", hash = "sha256:0633f1d2df477324f53a895b02c901fb961bdbf65a17122586ea7019292cbcf0" }
wheels = [
    { url = "https://us-central1-python.pkg.dev/qordoba-devel/writer-pypi-proxy/dill/dill-0.4.0-py3-none-any.whl", hash = "sha256:44f54bf6412c2c8464c14e8243eb163690a9800dbe2c367330883b19c7561049" },
]

[[package]]
name = "grpcio"
version = "1.76.0"
source = { registry = "https://us-central1-python.pkg.dev/qordoba-devel/writer-pypi-proxy/simple/" }
dependencies = [
    { name = "typing-extensions" },
]
sdist = { url = "https://us-central1-python.pkg.dev/qordoba-devel/writer-pypi-proxy/grpcio/grpcio-1.76.0.tar.gz", hash = "sha256:7be78388d6da1a25c0d5ec506523db58b18be22d9c37d8d3a32c08be4987bd73" }
wheels = [
    { url = "https://us-central1-python.pkg.dev/qordoba-devel/writer-pypi-proxy/grpcio/grpcio-1.76.0-cp314-cp314-linux_armv7l.whl", hash = "sha256:ff8a59ea85a1f2191a0ffcc61298c571bc566332f82e5f5be1b83c9d8e668a62" },
    { url = "https://us-central1-python.pkg.dev/qordoba-devel/writer-pypi-proxy/grpcio/grpcio-1.76.0-cp314-cp314-macosx_11_0_universal2.whl", hash = "sha256:06c3d6b076e7b593905d04fdba6a0525711b3466f43b3400266f04ff735de0cd" },
    { url = "https://us-central1-python.pkg.dev/qordoba-devel/writer-pypi-proxy/grpcio/grpcio-1.76.0-cp314-cp314-manylinux2014_aarch64.manylinux_2_17_aarch64.whl", hash = "sha256:fd5ef5932f6475c436c4a55e4336ebbe47bd3272be04964a03d316bbf4afbcbc" },
    { url = "https://us-central1-python.pkg.dev/qordoba-devel/writer-pypi-proxy/grpcio/grpcio-1.76.0-cp314-cp314-manylinux2014_i686.manylinux_2_17_i686.whl", hash = "sha256:b331680e46239e090f5b3cead313cc772f6caa7d0fc8de349337563125361a4a" },
    { url = "https://us-central1-python.pkg.dev/qordoba-devel/writer-pypi-proxy/grpcio/grpcio-1.76.0-cp314-cp314-manylinux2014_x86_64.manylinux_2_17_x86_64.whl", hash = "sha256:2229ae655ec4e8999599469559e97630185fdd53ae1e8997d147b7c9b2b72cba" },
    { url = "https://us-central1-python.pkg.dev/qordoba-devel/writer-pypi-proxy/grpcio/grpcio-1.76.0-cp314-cp314-musllinux_1_2_aarch64.whl", hash = "sha256:490fa6d203992c47c7b9e4a9d39003a0c2bcc1c9aa3c058730884bbbb0ee9f09" },
    { url = "https://us-central1-python.pkg.dev/qordoba-devel/writer-pypi-proxy/grpcio/grpcio-1.76.0-cp314-cp314-musllinux_1_2_i686.whl", hash = "sha256:479496325ce554792dba6548fae3df31a72cef7bad71ca2e12b0e58f9b336bfc" },
    { url = "https://us-central1-python.pkg.dev/qordoba-devel/writer-pypi-proxy/grpcio/grpcio-1.76.0-cp314-cp314-musllinux_1_2_x86_64.whl", hash = "sha256:1c9b93f79f48b03ada57ea24725d83a30284a012ec27eab2cf7e50a550cbbbcc" },
    { url = "https://us-central1-python.pkg.dev/qordoba-devel/writer-pypi-proxy/grpcio/grpcio-1.76.0-cp314-cp314-win32.whl", hash = "sha256:747fa73efa9b8b1488a95d0ba1039c8e2dca0f741612d80415b1e1c560febf4e" },
    { url = "https://us-central1-python.pkg.dev/qordoba-devel/writer-pypi-proxy/grpcio/grpcio-1.76.0-cp314-cp314-win_amd64.whl", hash = "sha256:922fa70ba549fce362d2e2871ab542082d66e2aaf0c19480ea453905b01f384e" },
]

[[package]]
name = "packaging"
version = "26.0"
source = { registry = "https://us-central1-python.pkg.dev/qordoba-devel/writer-pypi-proxy/simple/" }
sdist = { url = "https://us-central1-python.pkg.dev/qordoba-devel/writer-pypi-proxy/packaging/packaging-26.0.tar.gz", hash = "sha256:00243ae351a257117b6a241061796684b084ed1c516a08c48a3f7e147a9d80b4" }
wheels = [
    { url = "https://us-central1-python.pkg.dev/qordoba-devel/writer-pypi-proxy/packaging/packaging-26.0-py3-none-any.whl", hash = "sha256:b36f1fef9334a5588b4166f8bcd26a14e521f2b55e6b9de3aaa80d3ff7a37529" },
]

[[package]]
name = "parver"
version = "0.5"
source = { registry = "https://us-central1-python.pkg.dev/qordoba-devel/writer-pypi-proxy/simple/" }
dependencies = [
    { name = "arpeggio" },
    { name = "attrs" },
]
sdist = { url = "https://us-central1-python.pkg.dev/qordoba-devel/writer-pypi-proxy/parver/parver-0.5.tar.gz", hash = "sha256:b9fde1e6bb9ce9f07e08e9c4bea8d8825c5e78e18a0052d02e02bf9517eb4777" }
wheels = [
    { url = "https://us-central1-python.pkg.dev/qordoba-devel/writer-pypi-proxy/parver/parver-0.5-py3-none-any.whl", hash = "sha256:2281b187276c8e8e3c15634f62287b2fb6fe0efe3010f739a6bd1e45fa2bf2b2" },
]

[[package]]
name = "pip"
version = "26.1"
source = { registry = "https://us-central1-python.pkg.dev/qordoba-devel/writer-pypi-proxy/simple/" }
sdist = { url = "https://us-central1-python.pkg.dev/qordoba-devel/writer-pypi-proxy/pip/pip-26.1.tar.gz", hash = "sha256:81e13ebcca3ffa8cc85e4deff5c27e1ee26dea0aa7fc2f294a073ac208806ff3" }
wheels = [
    { url = "https://us-central1-python.pkg.dev/qordoba-devel/writer-pypi-proxy/pip/pip-26.1-py3-none-any.whl", hash = "sha256:4e8486d821d814b77319acb7b9e8bf5a4ee7590a643e7cb21029f209be8573c1" },
]

[[package]]
name = "protobuf"
version = "5.29.6"
source = { registry = "https://us-central1-python.pkg.dev/qordoba-devel/writer-pypi-proxy/simple/" }
sdist = { url = "https://us-central1-python.pkg.dev/qordoba-devel/writer-pypi-proxy/protobuf/protobuf-5.29.6.tar.gz", hash = "sha256:da9ee6a5424b6b30fd5e45c5ea663aef540ca95f9ad99d1e887e819cdf9b8723" }
wheels = [
    { url = "https://us-central1-python.pkg.dev/qordoba-devel/writer-pypi-proxy/protobuf/protobuf-5.29.6-cp310-abi3-win32.whl", hash = "sha256:62e8a3114992c7c647bce37dcc93647575fc52d50e48de30c6fcb28a6a291eb1" },
    { url = "https://us-central1-python.pkg.dev/qordoba-devel/writer-pypi-proxy/protobuf/protobuf-5.29.6-cp310-abi3-win_amd64.whl", hash = "sha256:7e6ad413275be172f67fdee0f43484b6de5a904cc1c3ea9804cb6fe2ff366eda" },
    { url = "https://us-central1-python.pkg.dev/qordoba-devel/writer-pypi-proxy/protobuf/protobuf-5.29.6-cp38-abi3-macosx_10_9_universal2.whl", hash = "sha256:b5a169e664b4057183a34bdc424540e86eea47560f3c123a0d64de4e137f9269" },
    { url = "https://us-central1-python.pkg.dev/qordoba-devel/writer-pypi-proxy/protobuf/protobuf-5.29.6-cp38-abi3-manylinux2014_aarch64.whl", hash = "sha256:a8866b2cff111f0f863c1b3b9e7572dc7eaea23a7fae27f6fc613304046483e6" },
    { url = "https://us-central1-python.pkg.dev/qordoba-devel/writer-pypi-proxy/protobuf/protobuf-5.29.6-cp38-abi3-manylinux2014_x86_64.whl", hash = "sha256:e3387f44798ac1106af0233c04fb8abf543772ff241169946f698b3a9a3d3ab9" },
    { url = "https://us-central1-python.pkg.dev/qordoba-devel/writer-pypi-proxy/protobuf/protobuf-5.29.6-py3-none-any.whl", hash = "sha256:6b9edb641441b2da9fa8f428760fc136a49cf97a52076010cf22a2ff73438a86" },
]

[[package]]
name = "pulumi"
version = "3.224.0"
source = { registry = "https://us-central1-python.pkg.dev/qordoba-devel/writer-pypi-proxy/simple/" }
dependencies = [
    { name = "debugpy" },
    { name = "dill" },
    { name = "grpcio" },
    { name = "packaging" },
    { name = "pip" },
    { name = "protobuf" },
    { name = "pyyaml" },
    { name = "semver" },
]
wheels = [
    { url = "https://us-central1-python.pkg.dev/qordoba-devel/writer-pypi-proxy/pulumi/pulumi-3.224.0-py3-none-any.whl", hash = "sha256:2045987052c39740dcdb13d8845868106aebdc91792aa25ef82b06797ebf0a8e" },
]

[[package]]
name = "pulumi-aws"
version = "7.16.0"
source = { registry = "https://us-central1-python.pkg.dev/qordoba-devel/writer-pypi-proxy/simple/" }
dependencies = [
    { name = "parver" },
    { name = "pulumi" },
    { name = "semver" },
]
sdist = { url = "https://us-central1-python.pkg.dev/qordoba-devel/writer-pypi-proxy/pulumi-aws/pulumi_aws-7.16.0.tar.gz", hash = "sha256:dd80a11865c1a9146d41633a45f5ef5c6af544c19eb573f785472ae630338c09" }
wheels = [
    { url = "https://us-central1-python.pkg.dev/qordoba-devel/writer-pypi-proxy/pulumi-aws/pulumi_aws-7.16.0-py3-none-any.whl", hash = "sha256:69944c4211c990be32a825d99139cfba7186b5ca27269f307dc24a7dd840ad5f" },
]

[[package]]
name = "pulumi-gcp"
version = "9.21.0"
source = { registry = "https://us-central1-python.pkg.dev/qordoba-devel/writer-pypi-proxy/simple/" }
dependencies = [
    { name = "parver" },
    { name = "pulumi" },
    { name = "semver" },
]
sdist = { url = "https://us-central1-python.pkg.dev/qordoba-devel/writer-pypi-proxy/pulumi-gcp/pulumi_gcp-9.21.0.tar.gz", hash = "sha256:30841f00edfa8ee81857deefa448aa6aa5678ffdeda2d8e50012f50dcee83271" }
wheels = [
    { url = "https://us-central1-python.pkg.dev/qordoba-devel/writer-pypi-proxy/pulumi-gcp/pulumi_gcp-9.21.0-py3-none-any.whl", hash = "sha256:45399a6ea830ceaf8edff2b176501d244bff3590672b27ce7fdd1bc852a3d172" },
]

[[package]]
name = "pulumi-random"
version = "4.18.5"
source = { registry = "https://us-central1-python.pkg.dev/qordoba-devel/writer-pypi-proxy/simple/" }
dependencies = [
    { name = "parver" },
    { name = "pulumi" },
    { name = "semver" },
]
sdist = { url = "https://us-central1-python.pkg.dev/qordoba-devel/writer-pypi-proxy/pulumi-random/pulumi_random-4.18.5.tar.gz", hash = "sha256:01519193a9484a70b9cc5785447568c60f9f176c78fbed4a91b2e9644d0dd6f8" }
wheels = [
    { url = "https://us-central1-python.pkg.dev/qordoba-devel/writer-pypi-proxy/pulumi-random/pulumi_random-4.18.5-py3-none-any.whl", hash = "sha256:bd4907dce550baaade576dcbda7d32af154d751cbfbb10c99ed74ce67a751ace" },
]

[[package]]
name = "pulumi-tailscale"
version = "0.24.0"
source = { registry = "https://us-central1-python.pkg.dev/qordoba-devel/writer-pypi-proxy/simple/" }
dependencies = [
    { name = "parver" },
    { name = "pulumi" },
    { name = "semver" },
]
sdist = { url = "https://us-central1-python.pkg.dev/qordoba-devel/writer-pypi-proxy/pulumi-tailscale/pulumi_tailscale-0.24.0.tar.gz", hash = "sha256:4bdda5ca09b07efd89886cc3d20c4e45cde5430b7a8559a25cc26643ad86a46a" }
wheels = [
    { url = "https://us-central1-python.pkg.dev/qordoba-devel/writer-pypi-proxy/pulumi-tailscale/pulumi_tailscale-0.24.0-py3-none-any.whl", hash = "sha256:6dac592c7812c82164e06228f833fa93a8ccb73afbb599c36ce417f773729ba9" },
]

[[package]]
name = "pyyaml"
version = "6.0.3"
source = { registry = "https://us-central1-python.pkg.dev/qordoba-devel/writer-pypi-proxy/simple/" }
sdist = { url = "https://us-central1-python.pkg.dev/qordoba-devel/writer-pypi-proxy/pyyaml/pyyaml-6.0.3.tar.gz", hash = "sha256:d76623373421df22fb4cf8817020cbb7ef15c725b9d5e45f17e189bfc384190f" }
wheels = [
    { url = "https://us-central1-python.pkg.dev/qordoba-devel/writer-pypi-proxy/pyyaml/pyyaml-6.0.3-cp314-cp314-macosx_10_13_x86_64.whl", hash = "sha256:8d1fab6bb153a416f9aeb4b8763bc0f22a5586065f86f7664fc23339fc1c1fac" },
    { url = "https://us-central1-python.pkg.dev/qordoba-devel/writer-pypi-proxy/pyyaml/pyyaml-6.0.3-cp314-cp314-macosx_11_0_arm64.whl", hash = "sha256:34d5fcd24b8445fadc33f9cf348c1047101756fd760b4dacb5c3e99755703310" },
    { url = "https://us-central1-python.pkg.dev/qordoba-devel/writer-pypi-proxy/pyyaml/pyyaml-6.0.3-cp314-cp314-manylinux2014_aarch64.manylinux_2_17_aarch64.manylinux_2_28_aarch64.whl", hash = "sha256:501a031947e3a9025ed4405a168e6ef5ae3126c59f90ce0cd6f2bfc477be31b7" },
    { url = "https://us-central1-python.pkg.dev/qordoba-devel/writer-pypi-proxy/pyyaml/pyyaml-6.0.3-cp314-cp314-manylinux2014_s390x.manylinux_2_17_s390x.manylinux_2_28_s390x.whl", hash = "sha256:b3bc83488de33889877a0f2543ade9f70c67d66d9ebb4ac959502e12de895788" },
    { url = "https://us-central1-python.pkg.dev/qordoba-devel/writer-pypi-proxy/pyyaml/pyyaml-6.0.3-cp314-cp314-manylinux2014_x86_64.manylinux_2_17_x86_64.manylinux_2_28_x86_64.whl", hash = "sha256:c458b6d084f9b935061bc36216e8a69a7e293a2f1e68bf956dcd9e6cbcd143f5" },
    { url = "https://us-central1-python.pkg.dev/qordoba-devel/writer-pypi-proxy/pyyaml/pyyaml-6.0.3-cp314-cp314-musllinux_1_2_aarch64.whl", hash = "sha256:7c6610def4f163542a622a73fb39f534f8c101d690126992300bf3207eab9764" },
    { url = "https://us-central1-python.pkg.dev/qordoba-devel/writer-pypi-proxy/pyyaml/pyyaml-6.0.3-cp314-cp314-musllinux_1_2_x86_64.whl", hash = "sha256:5190d403f121660ce8d1d2c1bb2ef1bd05b5f68533fc5c2ea899bd15f4399b35" },
    { url = "https://us-central1-python.pkg.dev/qordoba-devel/writer-pypi-proxy/pyyaml/pyyaml-6.0.3-cp314-cp314-win_amd64.whl", hash = "sha256:4a2e8cebe2ff6ab7d1050ecd59c25d4c8bd7e6f400f5f82b96557ac0abafd0ac" },
    { url = "https://us-central1-python.pkg.dev/qordoba-devel/writer-pypi-proxy/pyyaml/pyyaml-6.0.3-cp314-cp314-win_arm64.whl", hash = "sha256:93dda82c9c22deb0a405ea4dc5f2d0cda384168e466364dec6255b293923b2f3" },
    { url = "https://us-central1-python.pkg.dev/qordoba-devel/writer-pypi-proxy/pyyaml/pyyaml-6.0.3-cp314-cp314t-macosx_10_13_x86_64.whl", hash = "sha256:02893d100e99e03eda1c8fd5c441d8c60103fd175728e23e431db1b589cf5ab3" },
    { url = "https://us-central1-python.pkg.dev/qordoba-devel/writer-pypi-proxy/pyyaml/pyyaml-6.0.3-cp314-cp314t-macosx_11_0_arm64.whl", hash = "sha256:c1ff362665ae507275af2853520967820d9124984e0f7466736aea23d8611fba" },
    { url = "https://us-central1-python.pkg.dev/qordoba-devel/writer-pypi-proxy/pyyaml/pyyaml-6.0.3-cp314-cp314t-manylinux2014_aarch64.manylinux_2_17_aarch64.manylinux_2_28_aarch64.whl", hash = "sha256:6adc77889b628398debc7b65c073bcb99c4a0237b248cacaf3fe8a557563ef6c" },
    { url = "https://us-central1-python.pkg.dev/qordoba-devel/writer-pypi-proxy/pyyaml/pyyaml-6.0.3-cp314-cp314t-manylinux2014_s390x.manylinux_2_17_s390x.manylinux_2_28_s390x.whl", hash = "sha256:a80cb027f6b349846a3bf6d73b5e95e782175e52f22108cfa17876aaeff93702" },
    { url = "https://us-central1-python.pkg.dev/qordoba-devel/writer-pypi-proxy/pyyaml/pyyaml-6.0.3-cp314-cp314t-manylinux2014_x86_64.manylinux_2_17_x86_64.manylinux_2_28_x86_64.whl", hash = "sha256:00c4bdeba853cc34e7dd471f16b4114f4162dc03e6b7afcc2128711f0eca823c" },
    { url = "https://us-central1-python.pkg.dev/qordoba-devel/writer-pypi-proxy/pyyaml/pyyaml-6.0.3-cp314-cp314t-musllinux_1_2_aarch64.whl", hash = "sha256:66e1674c3ef6f541c35191caae2d429b967b99e02040f5ba928632d9a7f0f065" },
    { url = "https://us-central1-python.pkg.dev/qordoba-devel/writer-pypi-proxy/pyyaml/pyyaml-6.0.3-cp314-cp314t-musllinux_1_2_x86_64.whl", hash = "sha256:16249ee61e95f858e83976573de0f5b2893b3677ba71c9dd36b9cf8be9ac6d65" },
    { url = "https://us-central1-python.pkg.dev/qordoba-devel/writer-pypi-proxy/pyyaml/pyyaml-6.0.3-cp314-cp314t-win_amd64.whl", hash = "sha256:4ad1906908f2f5ae4e5a8ddfce73c320c2a1429ec52eafd27138b7f1cbe341c9" },
    { url = "https://us-central1-python.pkg.dev/qordoba-devel/writer-pypi-proxy/pyyaml/pyyaml-6.0.3-cp314-cp314t-win_arm64.whl", hash = "sha256:ebc55a14a21cb14062aa4162f906cd962b28e2e9ea38f9b4391244cd8de4ae0b" },
]

[[package]]
name = "semver"
version = "3.0.4"
source = { registry = "https://us-central1-python.pkg.dev/qordoba-devel/writer-pypi-proxy/simple/" }
sdist = { url = "https://us-central1-python.pkg.dev/qordoba-devel/writer-pypi-proxy/semver/semver-3.0.4.tar.gz", hash = "sha256:afc7d8c584a5ed0a11033af086e8af226a9c0b206f313e0301f8dd7b6b589602" }
wheels = [
    { url = "https://us-central1-python.pkg.dev/qordoba-devel/writer-pypi-proxy/semver/semver-3.0.4-py3-none-any.whl", hash = "sha256:9c824d87ba7f7ab4a1890799cec8596f15c1241cb473404ea1cb0c55e4b04746" },
]

[[package]]
name = "typing-extensions"
version = "4.15.0"
source = { registry = "https://us-central1-python.pkg.dev/qordoba-devel/writer-pypi-proxy/simple/" }
sdist = { url = "https://us-central1-python.pkg.dev/qordoba-devel/writer-pypi-proxy/typing-extensions/typing_extensions-4.15.0.tar.gz", hash = "sha256:0cea48d173cc12fa28ecabc3b837ea3cf6f38c6d1136f85cbaaf598984861466" }
wheels = [
    { url = "https://us-central1-python.pkg.dev/qordoba-devel/writer-pypi-proxy/typing-extensions/typing_extensions-4.15.0-py3-none-any.whl", hash = "sha256:f0fa19c6845758ab08074a0cfa8b7aecb71c999ca73d62883bc25cc018c4e548" },
]
